
Microsoft Visual Studio Solution File, Format Version 12.00
# Visual Studio 15
VisualStudioVersion = 15.0.28307.902
MinimumVisualStudioVersion = 10.0.40219.1
Project("{FAE04EC0-301F-11D3-BF4B-00C04F79EFBC}") = "HeadHunter", "HeadHunter\HeadHunter.csproj", "{FC7327EE-FF5B-4C36-B69F-8AA14E03BC7A}"
EndProject
Global
	GlobalSection(SolutionConfigurationPlatforms) = preSolution
		Debug|Any CPU = Debug|Any CPU
		Release|Any CPU = Release|Any CPU
	EndGlobalSection
	GlobalSection(ProjectConfigurationPlatforms) = postSolution
		{FC7327EE-FF5B-4C36-B69F-8AA14E03BC7A}.Debug|Any CPU.ActiveCfg = Debug|Any CPU
		{FC7327EE-FF5B-4C36-B69F-8AA14E03BC7A}.Debug|Any CPU.Build.0 = Debug|Any CPU
		{FC7327EE-FF5B-4C36-B69F-8AA14E03BC7A}.Release|Any CPU.ActiveCfg = Release|Any CPU
		{FC7327EE-FF5B-4C36-B69F-8AA14E03BC7A}.Release|Any CPU.Build.0 = Release|Any CPU
	EndGlobalSection
	GlobalSection(SolutionProperties) = preSolution
		HideSolutionNode = FALSE
	EndGlobalSection
	GlobalSection(ExtensibilityGlobals) = postSolution
		SolutionGuid = {B51F3378-ECBE-467A-BE90-E23CA6A9CF5B}
	EndGlobalSection
EndGlobal
